
Microsoft Visual Studio Solution File, Format Version 12.00
# Visual Studio 14
VisualStudioVersion = 14.0.24720.0
MinimumVisualStudioVersion = 10.0.40219.1
Project("{FAE04EC0-301F-11D3-BF4B-00C04F79EFBC}") = "BarcodeManager", "BarcodeManager\BarcodeManager.csproj", "{95B91518-B786-45C3-819C-4E243A490766}"
EndProject
Project("{FAE04EC0-301F-11D3-BF4B-00C04F79EFBC}") = "MyDataStructure", "MyDataStructure\MyDataStructure.csproj", "{7A35F89B-1043-4DF7-B2B9-721EEDB519A2}"
EndProject
Project("{FAE04EC0-301F-11D3-BF4B-00C04F79EFBC}") = "zxing", "zxing\csharp\zxing.csproj", "{6431CF13-7A7B-4602-B96A-47CDA6F0B008}"
EndProject
Project("{FAE04EC0-301F-11D3-BF4B-00C04F79EFBC}") = "VestShapes", "VestShapes\VestShapes.csproj", "{ACE5C531-6DD6-4CF6-B8C8-8CBE042EAF79}"
EndProject
Project("{FAE04EC0-301F-11D3-BF4B-00C04F79EFBC}") = "StreamPlus", "StreamPlus\StreamPlus.csproj", "{FF973758-6B1F-4EB7-B572-28D4F79CE909}"
EndProject
Project("{FAE04EC0-301F-11D3-BF4B-00C04F79EFBC}") = "TestStreamPlus", "TestStreamPlus\TestStreamPlus.csproj", "{51076FE3-C775-4943-9E46-99066010F97C}"
EndProject
Project("{FAE04EC0-301F-11D3-BF4B-00C04F79EFBC}") = "ClsImport", "ClsImport\ClsImport.csproj", "{E0306E3A-7269-47AF-B75F-615D474A080E}"
EndProject
Project("{FAE04EC0-301F-11D3-BF4B-00C04F79EFBC}") = "DataBase", "DataBase\DataBase.csproj", "{483BE9DF-A903-44C9-B01C-D3AF59BBFF69}"
EndProject
Project("{FAE04EC0-301F-11D3-BF4B-00C04F79EFBC}") = "BarcodeEdit", "BarcodeEdit\BarcodeEdit.csproj", "{0DA6FB53-139C-415E-9508-10A0A8E3D311}"
EndProject
Project("{FAE04EC0-301F-11D3-BF4B-00C04F79EFBC}") = "ClsBarcodePrint", "ClsBarcodePrint\ClsBarcodePrint.csproj", "{465AEE03-8B54-4475-9B03-28AE85CF0238}"
EndProject
Project("{FAE04EC0-301F-11D3-BF4B-00C04F79EFBC}") = "SelectPrinter", "SelectPrinter\SelectPrinter.csproj", "{7CCBDAE6-BF32-4EBD-ACBD-E7F19C770F24}"
EndProject
Project("{FAE04EC0-301F-11D3-BF4B-00C04F79EFBC}") = "Help", "Help\Help.csproj", "{998DA8FB-1CC7-467A-85A5-404FADAC5ED8}"
EndProject
Project("{FAE04EC0-301F-11D3-BF4B-00C04F79EFBC}") = "SaveImage", "SaveImage\SaveImage.csproj", "{7DCE1981-7E71-4EB2-9617-B620B5D0032F}"
EndProject
Global
	GlobalSection(SolutionConfigurationPlatforms) = preSolution
		Debug|Any CPU = Debug|Any CPU
		Debug|x86 = Debug|x86
		Release|Any CPU = Release|Any CPU
		Release|x86 = Release|x86
		x86|Any CPU = x86|Any CPU
		x86|x86 = x86|x86
	EndGlobalSection
	GlobalSection(ProjectConfigurationPlatforms) = postSolution
		{95B91518-B786-45C3-819C-4E243A490766}.Debug|Any CPU.ActiveCfg = Debug|Any CPU
		{95B91518-B786-45C3-819C-4E243A490766}.Debug|Any CPU.Build.0 = Debug|Any CPU
		{95B91518-B786-45C3-819C-4E243A490766}.Debug|x86.ActiveCfg = Debug|x86
		{95B91518-B786-45C3-819C-4E243A490766}.Debug|x86.Build.0 = Debug|x86
		{95B91518-B786-45C3-819C-4E243A490766}.Release|Any CPU.ActiveCfg = Release|Any CPU
		{95B91518-B786-45C3-819C-4E243A490766}.Release|Any CPU.Build.0 = Release|Any CPU
		{95B91518-B786-45C3-819C-4E243A490766}.Release|x86.ActiveCfg = Release|Any CPU
		{95B91518-B786-45C3-819C-4E243A490766}.x86|Any CPU.ActiveCfg = x86|x86
		{95B91518-B786-45C3-819C-4E243A490766}.x86|Any CPU.Build.0 = x86|x86
		{95B91518-B786-45C3-819C-4E243A490766}.x86|x86.ActiveCfg = x86|x86
		{95B91518-B786-45C3-819C-4E243A490766}.x86|x86.Build.0 = x86|x86
		{7A35F89B-1043-4DF7-B2B9-721EEDB519A2}.Debug|Any CPU.ActiveCfg = Debug|Any CPU
		{7A35F89B-1043-4DF7-B2B9-721EEDB519A2}.Debug|Any CPU.Build.0 = Debug|Any CPU
		{7A35F89B-1043-4DF7-B2B9-721EEDB519A2}.Debug|x86.ActiveCfg = Debug|x86
		{7A35F89B-1043-4DF7-B2B9-721EEDB519A2}.Debug|x86.Build.0 = Debug|x86
		{7A35F89B-1043-4DF7-B2B9-721EEDB519A2}.Release|Any CPU.ActiveCfg = Release|Any CPU
		{7A35F89B-1043-4DF7-B2B9-721EEDB519A2}.Release|Any CPU.Build.0 = Release|Any CPU
		{7A35F89B-1043-4DF7-B2B9-721EEDB519A2}.Release|x86.ActiveCfg = Release|Any CPU
		{7A35F89B-1043-4DF7-B2B9-721EEDB519A2}.x86|Any CPU.ActiveCfg = x86|x86
		{7A35F89B-1043-4DF7-B2B9-721EEDB519A2}.x86|Any CPU.Build.0 = x86|x86
		{7A35F89B-1043-4DF7-B2B9-721EEDB519A2}.x86|x86.ActiveCfg = x86|x86
		{7A35F89B-1043-4DF7-B2B9-721EEDB519A2}.x86|x86.Build.0 = x86|x86
		{6431CF13-7A7B-4602-B96A-47CDA6F0B008}.Debug|Any CPU.ActiveCfg = Debug|Any CPU
		{6431CF13-7A7B-4602-B96A-47CDA6F0B008}.Debug|Any CPU.Build.0 = Debug|Any CPU
		{6431CF13-7A7B-4602-B96A-47CDA6F0B008}.Debug|x86.ActiveCfg = Debug|x86
		{6431CF13-7A7B-4602-B96A-47CDA6F0B008}.Debug|x86.Build.0 = Debug|x86
		{6431CF13-7A7B-4602-B96A-47CDA6F0B008}.Release|Any CPU.ActiveCfg = Release|Any CPU
		{6431CF13-7A7B-4602-B96A-47CDA6F0B008}.Release|Any CPU.Build.0 = Release|Any CPU
		{6431CF13-7A7B-4602-B96A-47CDA6F0B008}.Release|x86.ActiveCfg = Release|Any CPU
		{6431CF13-7A7B-4602-B96A-47CDA6F0B008}.x86|Any CPU.ActiveCfg = x86|x86
		{6431CF13-7A7B-4602-B96A-47CDA6F0B008}.x86|Any CPU.Build.0 = x86|x86
		{6431CF13-7A7B-4602-B96A-47CDA6F0B008}.x86|x86.ActiveCfg = x86|x86
		{6431CF13-7A7B-4602-B96A-47CDA6F0B008}.x86|x86.Build.0 = x86|x86
		{ACE5C531-6DD6-4CF6-B8C8-8CBE042EAF79}.Debug|Any CPU.ActiveCfg = Debug|Any CPU
		{ACE5C531-6DD6-4CF6-B8C8-8CBE042EAF79}.Debug|Any CPU.Build.0 = Debug|Any CPU
		{ACE5C531-6DD6-4CF6-B8C8-8CBE042EAF79}.Debug|x86.ActiveCfg = Debug|x86
		{ACE5C531-6DD6-4CF6-B8C8-8CBE042EAF79}.Debug|x86.Build.0 = Debug|x86
		{ACE5C531-6DD6-4CF6-B8C8-8CBE042EAF79}.Release|Any CPU.ActiveCfg = Release|Any CPU
		{ACE5C531-6DD6-4CF6-B8C8-8CBE042EAF79}.Release|Any CPU.Build.0 = Release|Any CPU
		{ACE5C531-6DD6-4CF6-B8C8-8CBE042EAF79}.Release|x86.ActiveCfg = Release|Any CPU
		{ACE5C531-6DD6-4CF6-B8C8-8CBE042EAF79}.x86|Any CPU.ActiveCfg = x86|x86
		{ACE5C531-6DD6-4CF6-B8C8-8CBE042EAF79}.x86|Any CPU.Build.0 = x86|x86
		{ACE5C531-6DD6-4CF6-B8C8-8CBE042EAF79}.x86|x86.ActiveCfg = x86|x86
		{ACE5C531-6DD6-4CF6-B8C8-8CBE042EAF79}.x86|x86.Build.0 = x86|x86
		{FF973758-6B1F-4EB7-B572-28D4F79CE909}.Debug|Any CPU.ActiveCfg = Debug|Any CPU
		{FF973758-6B1F-4EB7-B572-28D4F79CE909}.Debug|Any CPU.Build.0 = Debug|Any CPU
		{FF973758-6B1F-4EB7-B572-28D4F79CE909}.Debug|x86.ActiveCfg = Debug|x86
		{FF973758-6B1F-4EB7-B572-28D4F79CE909}.Debug|x86.Build.0 = Debug|x86
		{FF973758-6B1F-4EB7-B572-28D4F79CE909}.Release|Any CPU.ActiveCfg = Release|Any CPU
		{FF973758-6B1F-4EB7-B572-28D4F79CE909}.Release|Any CPU.Build.0 = Release|Any CPU
		{FF973758-6B1F-4EB7-B572-28D4F79CE909}.Release|x86.ActiveCfg = Release|Any CPU
		{FF973758-6B1F-4EB7-B572-28D4F79CE909}.x86|Any CPU.ActiveCfg = x86|x86
		{FF973758-6B1F-4EB7-B572-28D4F79CE909}.x86|Any CPU.Build.0 = x86|x86
		{FF973758-6B1F-4EB7-B572-28D4F79CE909}.x86|x86.ActiveCfg = x86|x86
		{FF973758-6B1F-4EB7-B572-28D4F79CE909}.x86|x86.Build.0 = x86|x86
		{51076FE3-C775-4943-9E46-99066010F97C}.Debug|Any CPU.ActiveCfg = Debug|Any CPU
		{51076FE3-C775-4943-9E46-99066010F97C}.Debug|Any CPU.Build.0 = Debug|Any CPU
		{51076FE3-C775-4943-9E46-99066010F97C}.Debug|x86.ActiveCfg = Debug|x86
		{51076FE3-C775-4943-9E46-99066010F97C}.Debug|x86.Build.0 = Debug|x86
		{51076FE3-C775-4943-9E46-99066010F97C}.Release|Any CPU.ActiveCfg = Release|Any CPU
		{51076FE3-C775-4943-9E46-99066010F97C}.Release|Any CPU.Build.0 = Release|Any CPU
		{51076FE3-C775-4943-9E46-99066010F97C}.Release|x86.ActiveCfg = Release|Any CPU
		{51076FE3-C775-4943-9E46-99066010F97C}.x86|Any CPU.ActiveCfg = x86|x86
		{51076FE3-C775-4943-9E46-99066010F97C}.x86|Any CPU.Build.0 = x86|x86
		{51076FE3-C775-4943-9E46-99066010F97C}.x86|x86.ActiveCfg = x86|x86
		{51076FE3-C775-4943-9E46-99066010F97C}.x86|x86.Build.0 = x86|x86
		{E0306E3A-7269-47AF-B75F-615D474A080E}.Debug|Any CPU.ActiveCfg = Debug|Any CPU
		{E0306E3A-7269-47AF-B75F-615D474A080E}.Debug|Any CPU.Build.0 = Debug|Any CPU
		{E0306E3A-7269-47AF-B75F-615D474A080E}.Debug|x86.ActiveCfg = Debug|x86
		{E0306E3A-7269-47AF-B75F-615D474A080E}.Debug|x86.Build.0 = Debug|x86
		{E0306E3A-7269-47AF-B75F-615D474A080E}.Release|Any CPU.ActiveCfg = Release|Any CPU
		{E0306E3A-7269-47AF-B75F-615D474A080E}.Release|Any CPU.Build.0 = Release|Any CPU
		{E0306E3A-7269-47AF-B75F-615D474A080E}.Release|x86.ActiveCfg = Release|Any CPU
		{E0306E3A-7269-47AF-B75F-615D474A080E}.x86|Any CPU.ActiveCfg = x86|x86
		{E0306E3A-7269-47AF-B75F-615D474A080E}.x86|Any CPU.Build.0 = x86|x86
		{E0306E3A-7269-47AF-B75F-615D474A080E}.x86|x86.ActiveCfg = x86|x86
		{E0306E3A-7269-47AF-B75F-615D474A080E}.x86|x86.Build.0 = x86|x86
		{483BE9DF-A903-44C9-B01C-D3AF59BBFF69}.Debug|Any CPU.ActiveCfg = Debug|Any CPU
		{483BE9DF-A903-44C9-B01C-D3AF59BBFF69}.Debug|Any CPU.Build.0 = Debug|Any CPU
		{483BE9DF-A903-44C9-B01C-D3AF59BBFF69}.Debug|x86.ActiveCfg = Debug|x86
		{483BE9DF-A903-44C9-B01C-D3AF59BBFF69}.Debug|x86.Build.0 = Debug|x86
		{483BE9DF-A903-44C9-B01C-D3AF59BBFF69}.Release|Any CPU.ActiveCfg = Release|Any CPU
		{483BE9DF-A903-44C9-B01C-D3AF59BBFF69}.Release|Any CPU.Build.0 = Release|Any CPU
		{483BE9DF-A903-44C9-B01C-D3AF59BBFF69}.Release|x86.ActiveCfg = Release|Any CPU
		{483BE9DF-A903-44C9-B01C-D3AF59BBFF69}.x86|Any CPU.ActiveCfg = x86|x86
		{483BE9DF-A903-44C9-B01C-D3AF59BBFF69}.x86|Any CPU.Build.0 = x86|x86
		{483BE9DF-A903-44C9-B01C-D3AF59BBFF69}.x86|x86.ActiveCfg = x86|x86
		{483BE9DF-A903-44C9-B01C-D3AF59BBFF69}.x86|x86.Build.0 = x86|x86
		{0DA6FB53-139C-415E-9508-10A0A8E3D311}.Debug|Any CPU.ActiveCfg = Debug|Any CPU
		{0DA6FB53-139C-415E-9508-10A0A8E3D311}.Debug|Any CPU.Build.0 = Debug|Any CPU
		{0DA6FB53-139C-415E-9508-10A0A8E3D311}.Debug|x86.ActiveCfg = Debug|x86
		{0DA6FB53-139C-415E-9508-10A0A8E3D311}.Debug|x86.Build.0 = Debug|x86
		{0DA6FB53-139C-415E-9508-10A0A8E3D311}.Release|Any CPU.ActiveCfg = Release|Any CPU
		{0DA6FB53-139C-415E-9508-10A0A8E3D311}.Release|Any CPU.Build.0 = Release|Any CPU
		{0DA6FB53-139C-415E-9508-10A0A8E3D311}.Release|x86.ActiveCfg = Release|Any CPU
		{0DA6FB53-139C-415E-9508-10A0A8E3D311}.x86|Any CPU.ActiveCfg = x86|x86
		{0DA6FB53-139C-415E-9508-10A0A8E3D311}.x86|Any CPU.Build.0 = x86|x86
		{0DA6FB53-139C-415E-9508-10A0A8E3D311}.x86|x86.ActiveCfg = x86|x86
		{0DA6FB53-139C-415E-9508-10A0A8E3D311}.x86|x86.Build.0 = x86|x86
		{465AEE03-8B54-4475-9B03-28AE85CF0238}.Debug|Any CPU.ActiveCfg = Debug|Any CPU
		{465AEE03-8B54-4475-9B03-28AE85CF0238}.Debug|Any CPU.Build.0 = Debug|Any CPU
		{465AEE03-8B54-4475-9B03-28AE85CF0238}.Debug|x86.ActiveCfg = Debug|x86
		{465AEE03-8B54-4475-9B03-28AE85CF0238}.Debug|x86.Build.0 = Debug|x86
		{465AEE03-8B54-4475-9B03-28AE85CF0238}.Release|Any CPU.ActiveCfg = Release|Any CPU
		{465AEE03-8B54-4475-9B03-28AE85CF0238}.Release|Any CPU.Build.0 = Release|Any CPU
		{465AEE03-8B54-4475-9B03-28AE85CF0238}.Release|x86.ActiveCfg = Release|Any CPU
		{465AEE03-8B54-4475-9B03-28AE85CF0238}.x86|Any CPU.ActiveCfg = x86|x86
		{465AEE03-8B54-4475-9B03-28AE85CF0238}.x86|Any CPU.Build.0 = x86|x86
		{465AEE03-8B54-4475-9B03-28AE85CF0238}.x86|x86.ActiveCfg = x86|x86
		{465AEE03-8B54-4475-9B03-28AE85CF0238}.x86|x86.Build.0 = x86|x86
		{7CCBDAE6-BF32-4EBD-ACBD-E7F19C770F24}.Debug|Any CPU.ActiveCfg = Debug|Any CPU
		{7CCBDAE6-BF32-4EBD-ACBD-E7F19C770F24}.Debug|Any CPU.Build.0 = Debug|Any CPU
		{7CCBDAE6-BF32-4EBD-ACBD-E7F19C770F24}.Debug|x86.ActiveCfg = Debug|x86
		{7CCBDAE6-BF32-4EBD-ACBD-E7F19C770F24}.Debug|x86.Build.0 = Debug|x86
		{7CCBDAE6-BF32-4EBD-ACBD-E7F19C770F24}.Release|Any CPU.ActiveCfg = Release|Any CPU
		{7CCBDAE6-BF32-4EBD-ACBD-E7F19C770F24}.Release|Any CPU.Build.0 = Release|Any CPU
		{7CCBDAE6-BF32-4EBD-ACBD-E7F19C770F24}.Release|x86.ActiveCfg = Release|Any CPU
		{7CCBDAE6-BF32-4EBD-ACBD-E7F19C770F24}.x86|Any CPU.ActiveCfg = x86|x86
		{7CCBDAE6-BF32-4EBD-ACBD-E7F19C770F24}.x86|Any CPU.Build.0 = x86|x86
		{7CCBDAE6-BF32-4EBD-ACBD-E7F19C770F24}.x86|x86.ActiveCfg = x86|x86
		{7CCBDAE6-BF32-4EBD-ACBD-E7F19C770F24}.x86|x86.Build.0 = x86|x86
		{998DA8FB-1CC7-467A-85A5-404FADAC5ED8}.Debug|Any CPU.ActiveCfg = Debug|Any CPU
		{998DA8FB-1CC7-467A-85A5-404FADAC5ED8}.Debug|Any CPU.Build.0 = Debug|Any CPU
		{998DA8FB-1CC7-467A-85A5-404FADAC5ED8}.Debug|x86.ActiveCfg = Debug|x86
		{998DA8FB-1CC7-467A-85A5-404FADAC5ED8}.Debug|x86.Build.0 = Debug|x86
		{998DA8FB-1CC7-467A-85A5-404FADAC5ED8}.Release|Any CPU.ActiveCfg = Release|Any CPU
		{998DA8FB-1CC7-467A-85A5-404FADAC5ED8}.Release|Any CPU.Build.0 = Release|Any CPU
		{998DA8FB-1CC7-467A-85A5-404FADAC5ED8}.Release|x86.ActiveCfg = Release|Any CPU
		{998DA8FB-1CC7-467A-85A5-404FADAC5ED8}.x86|Any CPU.ActiveCfg = x86|x86
		{998DA8FB-1CC7-467A-85A5-404FADAC5ED8}.x86|Any CPU.Build.0 = x86|x86
		{998DA8FB-1CC7-467A-85A5-404FADAC5ED8}.x86|x86.ActiveCfg = x86|x86
		{998DA8FB-1CC7-467A-85A5-404FADAC5ED8}.x86|x86.Build.0 = x86|x86
		{7DCE1981-7E71-4EB2-9617-B620B5D0032F}.Debug|Any CPU.ActiveCfg = Debug|Any CPU
		{7DCE1981-7E71-4EB2-9617-B620B5D0032F}.Debug|Any CPU.Build.0 = Debug|Any CPU
		{7DCE1981-7E71-4EB2-9617-B620B5D0032F}.Debug|x86.ActiveCfg = Debug|x86
		{7DCE1981-7E71-4EB2-9617-B620B5D0032F}.Debug|x86.Build.0 = Debug|x86
		{7DCE1981-7E71-4EB2-9617-B620B5D0032F}.Release|Any CPU.ActiveCfg = Release|Any CPU
		{7DCE1981-7E71-4EB2-9617-B620B5D0032F}.Release|Any CPU.Build.0 = Release|Any CPU
		{7DCE1981-7E71-4EB2-9617-B620B5D0032F}.Release|x86.ActiveCfg = Release|Any CPU
		{7DCE1981-7E71-4EB2-9617-B620B5D0032F}.x86|Any CPU.ActiveCfg = x86|x86
		{7DCE1981-7E71-4EB2-9617-B620B5D0032F}.x86|Any CPU.Build.0 = x86|x86
		{7DCE1981-7E71-4EB2-9617-B620B5D0032F}.x86|x86.ActiveCfg = x86|x86
		{7DCE1981-7E71-4EB2-9617-B620B5D0032F}.x86|x86.Build.0 = x86|x86
	EndGlobalSection
	GlobalSection(SolutionProperties) = preSolution
		HideSolutionNode = FALSE
	EndGlobalSection
EndGlobal
