
Microsoft Visual Studio Solution File, Format Version 11.00
# Visual Studio 2010
Project("{FAE04EC0-301F-11D3-BF4B-00C04F79EFBC}") = "VestShapes", "VestShapes.csproj", "{ACE5C531-6DD6-4CF6-B8C8-8CBE042EAF79}"
EndProject
Global
	GlobalSection(SolutionConfigurationPlatforms) = preSolution
		Debug|Any CPU = Debug|Any CPU
		Release|Any CPU = Release|Any CPU
	EndGlobalSection
	GlobalSection(ProjectConfigurationPlatforms) = postSolution
		{ACE5C531-6DD6-4CF6-B8C8-8CBE042EAF79}.Debug|Any CPU.ActiveCfg = Debug|Any CPU
		{ACE5C531-6DD6-4CF6-B8C8-8CBE042EAF79}.Debug|Any CPU.Build.0 = Debug|Any CPU
		{ACE5C531-6DD6-4CF6-B8C8-8CBE042EAF79}.Release|Any CPU.ActiveCfg = Release|Any CPU
		{ACE5C531-6DD6-4CF6-B8C8-8CBE042EAF79}.Release|Any CPU.Build.0 = Release|Any CPU
	EndGlobalSection
	GlobalSection(SolutionProperties) = preSolution
		HideSolutionNode = FALSE
	EndGlobalSection
EndGlobal
